
Microsoft Visual Studio Solution File, Format Version 12.00
# Visual Studio Version 17
VisualStudioVersion = 17.9.34622.214
MinimumVisualStudioVersion = 10.0.40219.1
Project("{9A19103F-16F7-4668-BE54-9A1E7A4F7556}") = "myMLApp", "myMLApp\myMLApp.csproj", "{CAEC6EE6-2AF7-4038-989F-859539464D45}"
EndProject
Project("{9A19103F-16F7-4668-BE54-9A1E7A4F7556}") = "CatDogTelegramBot", "CatDogTelegramBot\CatDogTelegramBot.csproj", "{5EA5E166-481B-4E74-82BF-984177C27D32}"
EndProject
Global
	GlobalSection(SolutionConfigurationPlatforms) = preSolution
		Debug|Any CPU = Debug|Any CPU
		Release|Any CPU = Release|Any CPU
	EndGlobalSection
	GlobalSection(ProjectConfigurationPlatforms) = postSolution
		{CAEC6EE6-2AF7-4038-989F-859539464D45}.Debug|Any CPU.ActiveCfg = Debug|Any CPU
		{CAEC6EE6-2AF7-4038-989F-859539464D45}.Debug|Any CPU.Build.0 = Debug|Any CPU
		{CAEC6EE6-2AF7-4038-989F-859539464D45}.Release|Any CPU.ActiveCfg = Release|Any CPU
		{CAEC6EE6-2AF7-4038-989F-859539464D45}.Release|Any CPU.Build.0 = Release|Any CPU
		{5EA5E166-481B-4E74-82BF-984177C27D32}.Debug|Any CPU.ActiveCfg = Debug|Any CPU
		{5EA5E166-481B-4E74-82BF-984177C27D32}.Debug|Any CPU.Build.0 = Debug|Any CPU
		{5EA5E166-481B-4E74-82BF-984177C27D32}.Release|Any CPU.ActiveCfg = Release|Any CPU
		{5EA5E166-481B-4E74-82BF-984177C27D32}.Release|Any CPU.Build.0 = Release|Any CPU
	EndGlobalSection
	GlobalSection(SolutionProperties) = preSolution
		HideSolutionNode = FALSE
	EndGlobalSection
	GlobalSection(ExtensibilityGlobals) = postSolution
		SolutionGuid = {7A8D12BB-8F15-4461-86B4-EDCBBEB22F0A}
	EndGlobalSection
EndGlobal
